
Microsoft Visual Studio Solution File, Format Version 12.00
# Visual Studio 15
VisualStudioVersion = 15.0.26430.12
MinimumVisualStudioVersion = 10.0.40219.1
Project("{54435603-DBB4-11D2-8724-00A0C9A8B90C}") = "installer", "installer\installer.vdproj", "{B5208F60-1BA3-413E-AD13-E41D8DDCAFC3}"
EndProject
Project("{8BC9CEB8-8B4A-11D0-8D11-00A0C91BC942}") = "attys-ecg", "attys-ecg.vcxproj", "{B20E5706-349B-452C-B253-54BA6DC0997C}"
EndProject
Global
	GlobalSection(SolutionConfigurationPlatforms) = preSolution
		Debug|Win32 = Debug|Win32
		Debug|x64 = Debug|x64
		Debug|x86 = Debug|x86
		Release|Win32 = Release|Win32
		Release|x64 = Release|x64
		Release|x86 = Release|x86
	EndGlobalSection
	GlobalSection(ProjectConfigurationPlatforms) = postSolution
		{B5208F60-1BA3-413E-AD13-E41D8DDCAFC3}.Debug|Win32.ActiveCfg = Debug
		{B5208F60-1BA3-413E-AD13-E41D8DDCAFC3}.Debug|Win32.Build.0 = Debug
		{B5208F60-1BA3-413E-AD13-E41D8DDCAFC3}.Debug|x64.ActiveCfg = Debug
		{B5208F60-1BA3-413E-AD13-E41D8DDCAFC3}.Debug|x64.Build.0 = Debug
		{B5208F60-1BA3-413E-AD13-E41D8DDCAFC3}.Debug|x86.ActiveCfg = Debug
		{B5208F60-1BA3-413E-AD13-E41D8DDCAFC3}.Debug|x86.Build.0 = Debug
		{B5208F60-1BA3-413E-AD13-E41D8DDCAFC3}.Release|Win32.ActiveCfg = Release
		{B5208F60-1BA3-413E-AD13-E41D8DDCAFC3}.Release|Win32.Build.0 = Release
		{B5208F60-1BA3-413E-AD13-E41D8DDCAFC3}.Release|x64.ActiveCfg = Release
		{B5208F60-1BA3-413E-AD13-E41D8DDCAFC3}.Release|x64.Build.0 = Release
		{B5208F60-1BA3-413E-AD13-E41D8DDCAFC3}.Release|x86.ActiveCfg = Release
		{B5208F60-1BA3-413E-AD13-E41D8DDCAFC3}.Release|x86.Build.0 = Release
		{B20E5706-349B-452C-B253-54BA6DC0997C}.Debug|Win32.ActiveCfg = Release|x64
		{B20E5706-349B-452C-B253-54BA6DC0997C}.Debug|Win32.Build.0 = Release|x64
		{B20E5706-349B-452C-B253-54BA6DC0997C}.Debug|x64.ActiveCfg = Release|x64
		{B20E5706-349B-452C-B253-54BA6DC0997C}.Debug|x64.Build.0 = Release|x64
		{B20E5706-349B-452C-B253-54BA6DC0997C}.Debug|x86.ActiveCfg = Release|x64
		{B20E5706-349B-452C-B253-54BA6DC0997C}.Debug|x86.Build.0 = Release|x64
		{B20E5706-349B-452C-B253-54BA6DC0997C}.Release|Win32.ActiveCfg = Release|x64
		{B20E5706-349B-452C-B253-54BA6DC0997C}.Release|x64.ActiveCfg = Release|x64
		{B20E5706-349B-452C-B253-54BA6DC0997C}.Release|x64.Build.0 = Release|x64
		{B20E5706-349B-452C-B253-54BA6DC0997C}.Release|x86.ActiveCfg = Release|x64
	EndGlobalSection
	GlobalSection(SolutionProperties) = preSolution
		HideSolutionNode = FALSE
	EndGlobalSection
	GlobalSection(ExtensibilityGlobals) = postSolution
		SolutionGuid = {B920165E-C064-43D8-B0D6-43B1A185AC7B}
	EndGlobalSection
EndGlobal
